
Microsoft Visual Studio Solution File, Format Version 12.00
# Visual Studio Version 17
VisualStudioVersion = 17.1.32210.238
MinimumVisualStudioVersion = 10.0.40219.1
Project("{2150E333-8FDC-42A3-9474-1A3956D46DE8}") = "Tests", "Tests", "{A7EEE391-8D02-4029-BF18-9F72429CD763}"
EndProject
Project("{9A19103F-16F7-4668-BE54-9A1E7A4F7556}") = "Avto._Common", "Avto._Common\Avto._Common.csproj", "{3491145C-04B7-46D8-A9B2-36E14FA6B6C6}"
EndProject
Project("{9A19103F-16F7-4668-BE54-9A1E7A4F7556}") = "Avto.DAL", "Avto.DAL\Avto.DAL.csproj", "{DA6AE5A1-7AE1-4252-B184-0FD37B1CAAEE}"
EndProject
Project("{9A19103F-16F7-4668-BE54-9A1E7A4F7556}") = "Avto.BL", "Avto.BL\Avto.BL.csproj", "{4B598F38-385B-4E83-92F2-5F4F042D8860}"
EndProject
Project("{9A19103F-16F7-4668-BE54-9A1E7A4F7556}") = "Avto.Api", "Avto.Api\Avto.Api.csproj", "{CD139985-D40B-416D-B35E-8CA5E198DEA9}"
EndProject
Project("{9A19103F-16F7-4668-BE54-9A1E7A4F7556}") = "Avto.Tests.BL", "Tests\Avto.Tests.BL\Avto.Tests.BL.csproj", "{BDFE0228-1BC6-4E01-85A7-BA799556C6B5}"
EndProject
Project("{9A19103F-16F7-4668-BE54-9A1E7A4F7556}") = "Avto.UI.Front", "Avto.UI.Front\Avto.UI.Front.csproj", "{36242009-5128-4457-BCAA-9DC410F98E0F}"
EndProject
Project("{FAE04EC0-301F-11D3-BF4B-00C04F79EFBC}") = "Avto.Parser", "Avto.Parser\Avto.Parser.csproj", "{BE7B650A-B0D6-4B9D-9745-26C94478DAC9}"
EndProject
Global
	GlobalSection(SolutionConfigurationPlatforms) = preSolution
		Debug|Any CPU = Debug|Any CPU
		Release|Any CPU = Release|Any CPU
	EndGlobalSection
	GlobalSection(ProjectConfigurationPlatforms) = postSolution
		{3491145C-04B7-46D8-A9B2-36E14FA6B6C6}.Debug|Any CPU.ActiveCfg = Debug|Any CPU
		{3491145C-04B7-46D8-A9B2-36E14FA6B6C6}.Debug|Any CPU.Build.0 = Debug|Any CPU
		{3491145C-04B7-46D8-A9B2-36E14FA6B6C6}.Release|Any CPU.ActiveCfg = Release|Any CPU
		{3491145C-04B7-46D8-A9B2-36E14FA6B6C6}.Release|Any CPU.Build.0 = Release|Any CPU
		{DA6AE5A1-7AE1-4252-B184-0FD37B1CAAEE}.Debug|Any CPU.ActiveCfg = Debug|Any CPU
		{DA6AE5A1-7AE1-4252-B184-0FD37B1CAAEE}.Debug|Any CPU.Build.0 = Debug|Any CPU
		{DA6AE5A1-7AE1-4252-B184-0FD37B1CAAEE}.Release|Any CPU.ActiveCfg = Release|Any CPU
		{DA6AE5A1-7AE1-4252-B184-0FD37B1CAAEE}.Release|Any CPU.Build.0 = Release|Any CPU
		{4B598F38-385B-4E83-92F2-5F4F042D8860}.Debug|Any CPU.ActiveCfg = Debug|Any CPU
		{4B598F38-385B-4E83-92F2-5F4F042D8860}.Debug|Any CPU.Build.0 = Debug|Any CPU
		{4B598F38-385B-4E83-92F2-5F4F042D8860}.Release|Any CPU.ActiveCfg = Release|Any CPU
		{4B598F38-385B-4E83-92F2-5F4F042D8860}.Release|Any CPU.Build.0 = Release|Any CPU
		{CD139985-D40B-416D-B35E-8CA5E198DEA9}.Debug|Any CPU.ActiveCfg = Debug|Any CPU
		{CD139985-D40B-416D-B35E-8CA5E198DEA9}.Debug|Any CPU.Build.0 = Debug|Any CPU
		{CD139985-D40B-416D-B35E-8CA5E198DEA9}.Release|Any CPU.ActiveCfg = Release|Any CPU
		{CD139985-D40B-416D-B35E-8CA5E198DEA9}.Release|Any CPU.Build.0 = Release|Any CPU
		{BDFE0228-1BC6-4E01-85A7-BA799556C6B5}.Debug|Any CPU.ActiveCfg = Debug|Any CPU
		{BDFE0228-1BC6-4E01-85A7-BA799556C6B5}.Debug|Any CPU.Build.0 = Debug|Any CPU
		{BDFE0228-1BC6-4E01-85A7-BA799556C6B5}.Release|Any CPU.ActiveCfg = Release|Any CPU
		{BDFE0228-1BC6-4E01-85A7-BA799556C6B5}.Release|Any CPU.Build.0 = Release|Any CPU
		{36242009-5128-4457-BCAA-9DC410F98E0F}.Debug|Any CPU.ActiveCfg = Debug|Any CPU
		{36242009-5128-4457-BCAA-9DC410F98E0F}.Debug|Any CPU.Build.0 = Debug|Any CPU
		{36242009-5128-4457-BCAA-9DC410F98E0F}.Release|Any CPU.ActiveCfg = Release|Any CPU
		{36242009-5128-4457-BCAA-9DC410F98E0F}.Release|Any CPU.Build.0 = Release|Any CPU
		{BE7B650A-B0D6-4B9D-9745-26C94478DAC9}.Debug|Any CPU.ActiveCfg = Debug|Any CPU
		{BE7B650A-B0D6-4B9D-9745-26C94478DAC9}.Debug|Any CPU.Build.0 = Debug|Any CPU
		{BE7B650A-B0D6-4B9D-9745-26C94478DAC9}.Release|Any CPU.ActiveCfg = Release|Any CPU
		{BE7B650A-B0D6-4B9D-9745-26C94478DAC9}.Release|Any CPU.Build.0 = Release|Any CPU
	EndGlobalSection
	GlobalSection(SolutionProperties) = preSolution
		HideSolutionNode = FALSE
	EndGlobalSection
	GlobalSection(NestedProjects) = preSolution
		{BDFE0228-1BC6-4E01-85A7-BA799556C6B5} = {A7EEE391-8D02-4029-BF18-9F72429CD763}
	EndGlobalSection
	GlobalSection(ExtensibilityGlobals) = postSolution
		SolutionGuid = {E107D31D-9F5F-4992-9D74-49E4A335A02C}
	EndGlobalSection
EndGlobal
